
Microsoft Visual Studio Solution File, Format Version 12.00
# Visual Studio Version 17
VisualStudioVersion = 17.9.34728.123
MinimumVisualStudioVersion = 10.0.40219.1
Project("{FAE04EC0-301F-11D3-BF4B-00C04F79EFBC}") = "FileProvider", "FileProvider\FileProvider.csproj", "{DBC1E9C4-968C-4C8A-94AA-5C8C6E555609}"
EndProject
Project("{FAE04EC0-301F-11D3-BF4B-00C04F79EFBC}") = "Data", "Data\Data.csproj", "{02F25B5D-65A4-4254-994F-A42184BDA379}"
EndProject
Global
	GlobalSection(SolutionConfigurationPlatforms) = preSolution
		Debug|Any CPU = Debug|Any CPU
		Release|Any CPU = Release|Any CPU
	EndGlobalSection
	GlobalSection(ProjectConfigurationPlatforms) = postSolution
		{DBC1E9C4-968C-4C8A-94AA-5C8C6E555609}.Debug|Any CPU.ActiveCfg = Debug|Any CPU
		{DBC1E9C4-968C-4C8A-94AA-5C8C6E555609}.Debug|Any CPU.Build.0 = Debug|Any CPU
		{DBC1E9C4-968C-4C8A-94AA-5C8C6E555609}.Release|Any CPU.ActiveCfg = Release|Any CPU
		{DBC1E9C4-968C-4C8A-94AA-5C8C6E555609}.Release|Any CPU.Build.0 = Release|Any CPU
		{02F25B5D-65A4-4254-994F-A42184BDA379}.Debug|Any CPU.ActiveCfg = Debug|Any CPU
		{02F25B5D-65A4-4254-994F-A42184BDA379}.Debug|Any CPU.Build.0 = Debug|Any CPU
		{02F25B5D-65A4-4254-994F-A42184BDA379}.Release|Any CPU.ActiveCfg = Release|Any CPU
		{02F25B5D-65A4-4254-994F-A42184BDA379}.Release|Any CPU.Build.0 = Release|Any CPU
	EndGlobalSection
	GlobalSection(SolutionProperties) = preSolution
		HideSolutionNode = FALSE
	EndGlobalSection
	GlobalSection(ExtensibilityGlobals) = postSolution
		SolutionGuid = {13259410-CEC6-4D92-9429-7FF3C85D31BA}
	EndGlobalSection
EndGlobal
